
Microsoft Visual Studio Solution File, Format Version 12.00
# Visual Studio Version 17
VisualStudioVersion = 17.14.36623.8
MinimumVisualStudioVersion = 10.0.40219.1
Project("{FAE04EC0-301F-11D3-BF4B-00C04F79EFBC}") = "CinemaECommerce", "Cinema\CinemaECommerce.csproj", "{132171E7-2F9D-41A1-9AFA-67A693C482B3}"
EndProject
Global
	GlobalSection(SolutionConfigurationPlatforms) = preSolution
		Debug|Any CPU = Debug|Any CPU
		Release|Any CPU = Release|Any CPU
	EndGlobalSection
	GlobalSection(ProjectConfigurationPlatforms) = postSolution
		{132171E7-2F9D-41A1-9AFA-67A693C482B3}.Debug|Any CPU.ActiveCfg = Debug|Any CPU
		{132171E7-2F9D-41A1-9AFA-67A693C482B3}.Debug|Any CPU.Build.0 = Debug|Any CPU
		{132171E7-2F9D-41A1-9AFA-67A693C482B3}.Release|Any CPU.ActiveCfg = Release|Any CPU
		{132171E7-2F9D-41A1-9AFA-67A693C482B3}.Release|Any CPU.Build.0 = Release|Any CPU
	EndGlobalSection
	GlobalSection(SolutionProperties) = preSolution
		HideSolutionNode = FALSE
	EndGlobalSection
	GlobalSection(ExtensibilityGlobals) = postSolution
		SolutionGuid = {4E76661C-6FB3-43D5-888C-E15C80B87CEE}
	EndGlobalSection
EndGlobal
